
Microsoft Visual Studio Solution File, Format Version 12.00
# Visual Studio Version 17
VisualStudioVersion = 17.11.35312.102
MinimumVisualStudioVersion = 10.0.40219.1
Project("{9A19103F-16F7-4668-BE54-9A1E7A4F7556}") = "WebApplication2", "WebApplication2.csproj", "{15B52444-370F-4E0C-A96E-39EA6CD78692}"
EndProject
Global
	GlobalSection(SolutionConfigurationPlatforms) = preSolution
		Debug|Any CPU = Debug|Any CPU
		Release|Any CPU = Release|Any CPU
	EndGlobalSection
	GlobalSection(ProjectConfigurationPlatforms) = postSolution
		{15B52444-370F-4E0C-A96E-39EA6CD78692}.Debug|Any CPU.ActiveCfg = Debug|Any CPU
		{15B52444-370F-4E0C-A96E-39EA6CD78692}.Debug|Any CPU.Build.0 = Debug|Any CPU
		{15B52444-370F-4E0C-A96E-39EA6CD78692}.Release|Any CPU.ActiveCfg = Release|Any CPU
		{15B52444-370F-4E0C-A96E-39EA6CD78692}.Release|Any CPU.Build.0 = Release|Any CPU
	EndGlobalSection
	GlobalSection(SolutionProperties) = preSolution
		HideSolutionNode = FALSE
	EndGlobalSection
	GlobalSection(ExtensibilityGlobals) = postSolution
		SolutionGuid = {A555E3D4-3650-4E74-BE82-8581B716EDF6}
	EndGlobalSection
EndGlobal
